[root]
name = "app"
version = "0.0.1"
dependencies = [
 "http 0.1.0-pre (git+https://github.com/chris-morgan/rust-http.git#b929e4c16f9cff0d1c7334a2b39320be354fa0b0)",
]

[[package]]
name = "encoding"
version = "0.1.0"
source = "git+https://github.com/lifthrasiir/rust-encoding#ff55916fec8b5bf8667a74d5a060c8c951f28fe0"

[[package]]
name = "http"
version = "0.1.0-pre"
source = "git+https://github.com/chris-morgan/rust-http.git#b929e4c16f9cff0d1c7334a2b39320be354fa0b0"
dependencies = [
 "openssl 0.0.0 (git+https://github.com/sfackler/rust-openssl.git#c407530daeb0380edc22d45e6af7209911068607)",
 "url 0.1.0 (git+https://github.com/servo/rust-url#55b18b796ef2cef5490069dd450c60c2cc2c0c1b)",
]

[[package]]
name = "openssl"
version = "0.0.0"
source = "git+https://github.com/sfackler/rust-openssl.git#c407530daeb0380edc22d45e6af7209911068607"

[[package]]
name = "url"
version = "0.1.0"
source = "git+https://github.com/servo/rust-url#55b18b796ef2cef5490069dd450c60c2cc2c0c1b"
dependencies = [
 "encoding 0.1.0 (git+https://github.com/lifthrasiir/rust-encoding#ff55916fec8b5bf8667a74d5a060c8c951f28fe0)",
]

